
Microsoft Visual Studio Solution File, Format Version 12.00
# Visual Studio 15
Project("{FAE04EC0-301F-11D3-BF4B-00C04F79EFBC}") = "Assembly-CSharp-Editor", "Assembly-CSharp-Editor.csproj", "{44CFE4F1-312A-FB42-CC70-7C470D5FCEFA}"
EndProject
Project("{FAE04EC0-301F-11D3-BF4B-00C04F79EFBC}") = "Assembly-CSharp", "Assembly-CSharp.csproj", "{A4ED596B-E641-3A64-CDE8-2294E1D3D9E3}"
EndProject
Global
	GlobalSection(SolutionConfigurationPlatforms) = preSolution
		Debug|Any CPU = Debug|Any CPU
		Release|Any CPU = Release|Any CPU
	EndGlobalSection
	GlobalSection(ProjectConfigurationPlatforms) = postSolution
		{44CFE4F1-312A-FB42-CC70-7C470D5FCEFA}.Debug|Any CPU.ActiveCfg = Debug|Any CPU
		{44CFE4F1-312A-FB42-CC70-7C470D5FCEFA}.Debug|Any CPU.Build.0 = Debug|Any CPU
		{44CFE4F1-312A-FB42-CC70-7C470D5FCEFA}.Release|Any CPU.ActiveCfg = Release|Any CPU
		{44CFE4F1-312A-FB42-CC70-7C470D5FCEFA}.Release|Any CPU.Build.0 = Release|Any CPU
		{A4ED596B-E641-3A64-CDE8-2294E1D3D9E3}.Debug|Any CPU.ActiveCfg = Debug|Any CPU
		{A4ED596B-E641-3A64-CDE8-2294E1D3D9E3}.Debug|Any CPU.Build.0 = Debug|Any CPU
		{A4ED596B-E641-3A64-CDE8-2294E1D3D9E3}.Release|Any CPU.ActiveCfg = Release|Any CPU
		{A4ED596B-E641-3A64-CDE8-2294E1D3D9E3}.Release|Any CPU.Build.0 = Release|Any CPU
	EndGlobalSection
	GlobalSection(SolutionProperties) = preSolution
		HideSolutionNode = FALSE
	EndGlobalSection
EndGlobal
